
Microsoft Visual Studio Solution File, Format Version 12.00
# Visual Studio Version 16
VisualStudioVersion = 16.0.32602.291
MinimumVisualStudioVersion = 10.0.40219.1
Project("{FAE04EC0-301F-11D3-BF4B-00C04F79EFBC}") = "IMATP5_andras", "IMATP5_andras.csproj", "{294F601F-DD97-4393-9614-500B25CE8B3C}"
EndProject
Global
	GlobalSection(SolutionConfigurationPlatforms) = preSolution
		Debug|Any CPU = Debug|Any CPU
		Release|Any CPU = Release|Any CPU
	EndGlobalSection
	GlobalSection(ProjectConfigurationPlatforms) = postSolution
		{294F601F-DD97-4393-9614-500B25CE8B3C}.Debug|Any CPU.ActiveCfg = Debug|Any CPU
		{294F601F-DD97-4393-9614-500B25CE8B3C}.Debug|Any CPU.Build.0 = Debug|Any CPU
		{294F601F-DD97-4393-9614-500B25CE8B3C}.Release|Any CPU.ActiveCfg = Release|Any CPU
		{294F601F-DD97-4393-9614-500B25CE8B3C}.Release|Any CPU.Build.0 = Release|Any CPU
	EndGlobalSection
	GlobalSection(SolutionProperties) = preSolution
		HideSolutionNode = FALSE
	EndGlobalSection
	GlobalSection(ExtensibilityGlobals) = postSolution
		SolutionGuid = {E4F9870A-39FD-4D43-88BA-42345A1961AB}
	EndGlobalSection
EndGlobal
